
Microsoft Visual Studio Solution File, Format Version 12.00
# Visual Studio Version 17
VisualStudioVersion = 17.10.34928.147
MinimumVisualStudioVersion = 10.0.40219.1
Project("{FAE04EC0-301F-11D3-BF4B-00C04F79EFBC}") = "Bat_Aula4Exc1", "Bat_Aula4Exc1.csproj", "{79DF7F3E-A612-4F2E-A1E1-DA6A89372B30}"
EndProject
Global
	GlobalSection(SolutionConfigurationPlatforms) = preSolution
		Debug|Any CPU = Debug|Any CPU
		Release|Any CPU = Release|Any CPU
	EndGlobalSection
	GlobalSection(ProjectConfigurationPlatforms) = postSolution
		{79DF7F3E-A612-4F2E-A1E1-DA6A89372B30}.Debug|Any CPU.ActiveCfg = Debug|Any CPU
		{79DF7F3E-A612-4F2E-A1E1-DA6A89372B30}.Debug|Any CPU.Build.0 = Debug|Any CPU
		{79DF7F3E-A612-4F2E-A1E1-DA6A89372B30}.Release|Any CPU.ActiveCfg = Release|Any CPU
		{79DF7F3E-A612-4F2E-A1E1-DA6A89372B30}.Release|Any CPU.Build.0 = Release|Any CPU
	EndGlobalSection
	GlobalSection(SolutionProperties) = preSolution
		HideSolutionNode = FALSE
	EndGlobalSection
	GlobalSection(ExtensibilityGlobals) = postSolution
		SolutionGuid = {DF6ADAB7-F10A-48F3-8A5D-7699600DBD64}
	EndGlobalSection
EndGlobal
