
Microsoft Visual Studio Solution File, Format Version 12.00
# Visual Studio Version 17
VisualStudioVersion = 17.10.34928.147
MinimumVisualStudioVersion = 10.0.40219.1
Project("{FAE04EC0-301F-11D3-BF4B-00C04F79EFBC}") = "Bat_Aula4Exc3", "Bat_Aula4Exc3.csproj", "{92FBAFB0-7A90-4554-A690-A1C4D4B437BF}"
EndProject
Global
	GlobalSection(SolutionConfigurationPlatforms) = preSolution
		Debug|Any CPU = Debug|Any CPU
		Release|Any CPU = Release|Any CPU
	EndGlobalSection
	GlobalSection(ProjectConfigurationPlatforms) = postSolution
		{92FBAFB0-7A90-4554-A690-A1C4D4B437BF}.Debug|Any CPU.ActiveCfg = Debug|Any CPU
		{92FBAFB0-7A90-4554-A690-A1C4D4B437BF}.Debug|Any CPU.Build.0 = Debug|Any CPU
		{92FBAFB0-7A90-4554-A690-A1C4D4B437BF}.Release|Any CPU.ActiveCfg = Release|Any CPU
		{92FBAFB0-7A90-4554-A690-A1C4D4B437BF}.Release|Any CPU.Build.0 = Release|Any CPU
	EndGlobalSection
	GlobalSection(SolutionProperties) = preSolution
		HideSolutionNode = FALSE
	EndGlobalSection
	GlobalSection(ExtensibilityGlobals) = postSolution
		SolutionGuid = {262A8D73-A788-44F3-B341-86818F39F6B5}
	EndGlobalSection
EndGlobal
