
Microsoft Visual Studio Solution File, Format Version 12.00
# Visual Studio Version 17
VisualStudioVersion = 17.11.35303.130
MinimumVisualStudioVersion = 10.0.40219.1
Project("{FAE04EC0-301F-11D3-BF4B-00C04F79EFBC}") = "Exercício 3", "Exercício 3.csproj", "{6AA2D4CF-D361-4C4D-937D-5AA5DD4DAB28}"
EndProject
Global
	GlobalSection(SolutionConfigurationPlatforms) = preSolution
		Debug|Any CPU = Debug|Any CPU
		Release|Any CPU = Release|Any CPU
	EndGlobalSection
	GlobalSection(ProjectConfigurationPlatforms) = postSolution
		{6AA2D4CF-D361-4C4D-937D-5AA5DD4DAB28}.Debug|Any CPU.ActiveCfg = Debug|Any CPU
		{6AA2D4CF-D361-4C4D-937D-5AA5DD4DAB28}.Debug|Any CPU.Build.0 = Debug|Any CPU
		{6AA2D4CF-D361-4C4D-937D-5AA5DD4DAB28}.Release|Any CPU.ActiveCfg = Release|Any CPU
		{6AA2D4CF-D361-4C4D-937D-5AA5DD4DAB28}.Release|Any CPU.Build.0 = Release|Any CPU
	EndGlobalSection
	GlobalSection(SolutionProperties) = preSolution
		HideSolutionNode = FALSE
	EndGlobalSection
	GlobalSection(ExtensibilityGlobals) = postSolution
		SolutionGuid = {3497730B-DA22-487C-81D5-99FC1AC63981}
	EndGlobalSection
EndGlobal
