
Microsoft Visual Studio Solution File, Format Version 12.00
# Visual Studio Version 17
VisualStudioVersion = 17.10.34928.147
MinimumVisualStudioVersion = 10.0.40219.1
Project("{FAE04EC0-301F-11D3-BF4B-00C04F79EFBC}") = "Bat_Aula4Exc4", "Bat_Aula4Exc4.csproj", "{BDC197BE-D022-42BA-9478-D639C09DA56B}"
EndProject
Global
	GlobalSection(SolutionConfigurationPlatforms) = preSolution
		Debug|Any CPU = Debug|Any CPU
		Release|Any CPU = Release|Any CPU
	EndGlobalSection
	GlobalSection(ProjectConfigurationPlatforms) = postSolution
		{BDC197BE-D022-42BA-9478-D639C09DA56B}.Debug|Any CPU.ActiveCfg = Debug|Any CPU
		{BDC197BE-D022-42BA-9478-D639C09DA56B}.Debug|Any CPU.Build.0 = Debug|Any CPU
		{BDC197BE-D022-42BA-9478-D639C09DA56B}.Release|Any CPU.ActiveCfg = Release|Any CPU
		{BDC197BE-D022-42BA-9478-D639C09DA56B}.Release|Any CPU.Build.0 = Release|Any CPU
	EndGlobalSection
	GlobalSection(SolutionProperties) = preSolution
		HideSolutionNode = FALSE
	EndGlobalSection
	GlobalSection(ExtensibilityGlobals) = postSolution
		SolutionGuid = {29B6440C-6C3D-4AA8-B1DF-31CD85471F8F}
	EndGlobalSection
EndGlobal
