
Microsoft Visual Studio Solution File, Format Version 12.00
# Visual Studio Version 17
VisualStudioVersion = 17.10.34928.147
MinimumVisualStudioVersion = 10.0.40219.1
Project("{FAE04EC0-301F-11D3-BF4B-00C04F79EFBC}") = "Aula4Exc6", "Aula4Exc6.csproj", "{57F389CA-1BA6-4922-8FA5-2ADFCBA60868}"
EndProject
Global
	GlobalSection(SolutionConfigurationPlatforms) = preSolution
		Debug|Any CPU = Debug|Any CPU
		Release|Any CPU = Release|Any CPU
	EndGlobalSection
	GlobalSection(ProjectConfigurationPlatforms) = postSolution
		{57F389CA-1BA6-4922-8FA5-2ADFCBA60868}.Debug|Any CPU.ActiveCfg = Debug|Any CPU
		{57F389CA-1BA6-4922-8FA5-2ADFCBA60868}.Debug|Any CPU.Build.0 = Debug|Any CPU
		{57F389CA-1BA6-4922-8FA5-2ADFCBA60868}.Release|Any CPU.ActiveCfg = Release|Any CPU
		{57F389CA-1BA6-4922-8FA5-2ADFCBA60868}.Release|Any CPU.Build.0 = Release|Any CPU
	EndGlobalSection
	GlobalSection(SolutionProperties) = preSolution
		HideSolutionNode = FALSE
	EndGlobalSection
	GlobalSection(ExtensibilityGlobals) = postSolution
		SolutionGuid = {92B6D72B-81C7-43C0-A39E-DD2003C695D1}
	EndGlobalSection
EndGlobal
