
Microsoft Visual Studio Solution File, Format Version 12.00
# Visual Studio Version 17
VisualStudioVersion = 17.11.35219.272
MinimumVisualStudioVersion = 10.0.40219.1
Project("{FAE04EC0-301F-11D3-BF4B-00C04F79EFBC}") = "Exercicio 4 aula 17,18 LINQ", "Exercicio 4 aula 17,18 LINQ.csproj", "{7C74752F-AFC9-4C93-B0ED-D825FC826803}"
EndProject
Global
	GlobalSection(SolutionConfigurationPlatforms) = preSolution
		Debug|Any CPU = Debug|Any CPU
		Release|Any CPU = Release|Any CPU
	EndGlobalSection
	GlobalSection(ProjectConfigurationPlatforms) = postSolution
		{7C74752F-AFC9-4C93-B0ED-D825FC826803}.Debug|Any CPU.ActiveCfg = Debug|Any CPU
		{7C74752F-AFC9-4C93-B0ED-D825FC826803}.Debug|Any CPU.Build.0 = Debug|Any CPU
		{7C74752F-AFC9-4C93-B0ED-D825FC826803}.Release|Any CPU.ActiveCfg = Release|Any CPU
		{7C74752F-AFC9-4C93-B0ED-D825FC826803}.Release|Any CPU.Build.0 = Release|Any CPU
	EndGlobalSection
	GlobalSection(SolutionProperties) = preSolution
		HideSolutionNode = FALSE
	EndGlobalSection
	GlobalSection(ExtensibilityGlobals) = postSolution
		SolutionGuid = {B0E5F0CB-81CC-4967-B079-36824A239F7A}
	EndGlobalSection
EndGlobal
