
Microsoft Visual Studio Solution File, Format Version 12.00
# Visual Studio Version 17
VisualStudioVersion = 17.10.34928.147
MinimumVisualStudioVersion = 10.0.40219.1
Project("{FAE04EC0-301F-11D3-BF4B-00C04F79EFBC}") = "Aula4Exc5", "Aula4Exc5.csproj", "{52D67C17-B735-4A97-8D36-C78238981D0D}"
EndProject
Global
	GlobalSection(SolutionConfigurationPlatforms) = preSolution
		Debug|Any CPU = Debug|Any CPU
		Release|Any CPU = Release|Any CPU
	EndGlobalSection
	GlobalSection(ProjectConfigurationPlatforms) = postSolution
		{52D67C17-B735-4A97-8D36-C78238981D0D}.Debug|Any CPU.ActiveCfg = Debug|Any CPU
		{52D67C17-B735-4A97-8D36-C78238981D0D}.Debug|Any CPU.Build.0 = Debug|Any CPU
		{52D67C17-B735-4A97-8D36-C78238981D0D}.Release|Any CPU.ActiveCfg = Release|Any CPU
		{52D67C17-B735-4A97-8D36-C78238981D0D}.Release|Any CPU.Build.0 = Release|Any CPU
	EndGlobalSection
	GlobalSection(SolutionProperties) = preSolution
		HideSolutionNode = FALSE
	EndGlobalSection
	GlobalSection(ExtensibilityGlobals) = postSolution
		SolutionGuid = {14931639-F409-4D64-8ACE-2B36E7B39532}
	EndGlobalSection
EndGlobal
