
Microsoft Visual Studio Solution File, Format Version 12.00
# Visual Studio Version 17
VisualStudioVersion = 17.10.34928.147
MinimumVisualStudioVersion = 10.0.40219.1
Project("{FAE04EC0-301F-11D3-BF4B-00C04F79EFBC}") = "Aula4Exc3", "Aula4Exc3.csproj", "{7E372A5A-1A54-470A-B232-A0FBAFC14215}"
EndProject
Global
	GlobalSection(SolutionConfigurationPlatforms) = preSolution
		Debug|Any CPU = Debug|Any CPU
		Release|Any CPU = Release|Any CPU
	EndGlobalSection
	GlobalSection(ProjectConfigurationPlatforms) = postSolution
		{7E372A5A-1A54-470A-B232-A0FBAFC14215}.Debug|Any CPU.ActiveCfg = Debug|Any CPU
		{7E372A5A-1A54-470A-B232-A0FBAFC14215}.Debug|Any CPU.Build.0 = Debug|Any CPU
		{7E372A5A-1A54-470A-B232-A0FBAFC14215}.Release|Any CPU.ActiveCfg = Release|Any CPU
		{7E372A5A-1A54-470A-B232-A0FBAFC14215}.Release|Any CPU.Build.0 = Release|Any CPU
	EndGlobalSection
	GlobalSection(SolutionProperties) = preSolution
		HideSolutionNode = FALSE
	EndGlobalSection
	GlobalSection(ExtensibilityGlobals) = postSolution
		SolutionGuid = {428FCFD4-E127-4C73-8B5C-F35C9C4CD75C}
	EndGlobalSection
EndGlobal
