
Microsoft Visual Studio Solution File, Format Version 12.00
# Visual Studio Version 17
VisualStudioVersion = 17.10.34928.147
MinimumVisualStudioVersion = 10.0.40219.1
Project("{FAE04EC0-301F-11D3-BF4B-00C04F79EFBC}") = "Exercício 1 Interface e Implementação", "Exercício 1 Interface e Implementação.csproj", "{19A2B67E-4C30-4617-AA27-A7475C131169}"
EndProject
Global
	GlobalSection(SolutionConfigurationPlatforms) = preSolution
		Debug|Any CPU = Debug|Any CPU
		Release|Any CPU = Release|Any CPU
	EndGlobalSection
	GlobalSection(ProjectConfigurationPlatforms) = postSolution
		{19A2B67E-4C30-4617-AA27-A7475C131169}.Debug|Any CPU.ActiveCfg = Debug|Any CPU
		{19A2B67E-4C30-4617-AA27-A7475C131169}.Debug|Any CPU.Build.0 = Debug|Any CPU
		{19A2B67E-4C30-4617-AA27-A7475C131169}.Release|Any CPU.ActiveCfg = Release|Any CPU
		{19A2B67E-4C30-4617-AA27-A7475C131169}.Release|Any CPU.Build.0 = Release|Any CPU
	EndGlobalSection
	GlobalSection(SolutionProperties) = preSolution
		HideSolutionNode = FALSE
	EndGlobalSection
	GlobalSection(ExtensibilityGlobals) = postSolution
		SolutionGuid = {2D9EB09D-CAC0-4463-B76E-816B53A4E03C}
	EndGlobalSection
EndGlobal
